
Microsoft Visual Studio Solution File, Format Version 12.00
# Visual Studio Version 17
VisualStudioVersion = 17.5.002.0
MinimumVisualStudioVersion = 10.0.40219.1
Project("{2150E333-8FDC-42A3-9474-1A3956D46DE8}") = "Finished", "Finished", "{80014EB8-FBFB-4BFF-AB5C-A3FAF3CC1045}"
EndProject
Project("{2150E333-8FDC-42A3-9474-1A3956D46DE8}") = "Strings", "Strings", "{662A45C8-9969-4258-BABE-9E794902700E}"
EndProject
Project("{9A19103F-16F7-4668-BE54-9A1E7A4F7556}") = "Operations", "Finished\Strings\Operations\Operations.csproj", "{CC580964-F0E7-428C-81D3-031A3E8E2474}"
EndProject
Project("{9A19103F-16F7-4668-BE54-9A1E7A4F7556}") = "Formatting", "Finished\Strings\Formatting\Formatting.csproj", "{CF295CE7-CE5D-4551-8B10-A9A35B4EC63A}"
EndProject
Project("{9A19103F-16F7-4668-BE54-9A1E7A4F7556}") = "Parsing", "Finished\Strings\Parsing\Parsing.csproj", "{F28CF1A0-6415-4A1E-BBB2-DA369AED1AB5}"
EndProject
Project("{9A19103F-16F7-4668-BE54-9A1E7A4F7556}") = "Builder", "Finished\Strings\Builder\Builder.csproj", "{FE0BABEB-FA52-474A-B13C-CB8569F0F9C9}"
EndProject
Project("{9A19103F-16F7-4668-BE54-9A1E7A4F7556}") = "Strings", "Finished\Strings\Interpolation\Strings.csproj", "{07CDEAFE-A922-464D-95A3-2ABE1C240838}"
EndProject
Project("{2150E333-8FDC-42A3-9474-1A3956D46DE8}") = "Classes", "Classes", "{A99539DD-CE31-45C8-89B6-BDE20864F727}"
EndProject
Project("{9A19103F-16F7-4668-BE54-9A1E7A4F7556}") = "Modifiers", "Finished\Classes\Modifiers\Modifiers.csproj", "{738F33D9-194E-48D2-957C-51B9265B45E5}"
EndProject
Project("{9A19103F-16F7-4668-BE54-9A1E7A4F7556}") = "StringRep", "Finished\Classes\StringRep\StringRep.csproj", "{7A801DD6-597F-43FF-83DA-E062A951BC5C}"
EndProject
Project("{9A19103F-16F7-4668-BE54-9A1E7A4F7556}") = "Inheritance", "Finished\Classes\Inheritance\Inheritance.csproj", "{0DD372D1-507B-4C8C-8232-2EF2E0F20F80}"
EndProject
Project("{9A19103F-16F7-4668-BE54-9A1E7A4F7556}") = "Properties", "Finished\Classes\Properties\Properties.csproj", "{1485A5FE-E559-4D06-957F-46B3228C8818}"
EndProject
Project("{9A19103F-16F7-4668-BE54-9A1E7A4F7556}") = "Defining", "Finished\Classes\Defining\Defining.csproj", "{5D829BB8-E6E8-4CCB-89E4-471C73A287EA}"
EndProject
Project("{2150E333-8FDC-42A3-9474-1A3956D46DE8}") = "Functions", "Functions", "{EA9245C6-10BA-43DA-B966-F5160685037A}"
EndProject
Project("{9A19103F-16F7-4668-BE54-9A1E7A4F7556}") = "Basics", "Finished\Functions\Basics\Basics.csproj", "{BD967BD5-E20E-43A7-B786-B6737B80F24C}"
EndProject
Project("{9A19103F-16F7-4668-BE54-9A1E7A4F7556}") = "RefAndOut", "Finished\Functions\RefAndOutParams\RefAndOut.csproj", "{47015241-75E6-45B8-A516-E09746BE455D}"
EndProject
Project("{9A19103F-16F7-4668-BE54-9A1E7A4F7556}") = "MultiValues", "Finished\Functions\MultiValues\MultiValues.csproj", "{F61A9AE6-D8D0-4C9C-A204-EF7868F6F072}"
EndProject
Project("{9A19103F-16F7-4668-BE54-9A1E7A4F7556}") = "Params", "Finished\Functions\DefaultParams\Params.csproj", "{EE09DA0B-8703-4C2B-9134-9A2E85E3E56E}"
EndProject
Project("{2150E333-8FDC-42A3-9474-1A3956D46DE8}") = "Program Flow", "Program Flow", "{BE2DBC17-9447-48BF-B461-B4D9D67FAD5A}"
EndProject
Project("{9A19103F-16F7-4668-BE54-9A1E7A4F7556}") = "ForLoops", "Finished\Program Flow\ForLoops\ForLoops.csproj", "{46C54FB7-44FD-4242-B9D2-6638F84BD8BD}"
EndProject
Project("{9A19103F-16F7-4668-BE54-9A1E7A4F7556}") = "Exceptions", "Finished\Program Flow\Exceptions\Exceptions.csproj", "{2805AA80-3C0E-4266-8D30-BAA71A742B81}"
EndProject
Project("{9A19103F-16F7-4668-BE54-9A1E7A4F7556}") = "WhileLoops", "Finished\Program Flow\WhileLoops\WhileLoops.csproj", "{18EBE2AB-900C-45C1-BEC7-8C89BBE4FD1C}"
EndProject
Project("{9A19103F-16F7-4668-BE54-9A1E7A4F7556}") = "ConditionalOps", "Finished\Program Flow\Conditional-switch\ConditionalOps.csproj", "{4C8541BF-11E6-4B18-B511-246D573E1B28}"
EndProject
Project("{9A19103F-16F7-4668-BE54-9A1E7A4F7556}") = "Conditionals", "Finished\Program Flow\Conditional-if\Conditionals.csproj", "{B0951FE6-AE40-4422-A989-376B86D72E03}"
EndProject
Project("{9A19103F-16F7-4668-BE54-9A1E7A4F7556}") = "BreakContinue", "Finished\Program Flow\BreakContinue\BreakContinue.csproj", "{2DC41081-B5DB-40DC-9B88-ADB427109EF4}"
EndProject
Project("{2150E333-8FDC-42A3-9474-1A3956D46DE8}") = "Overview", "Overview", "{57501E00-A906-40A1-A72B-F8E84E76A409}"
EndProject
Project("{9A19103F-16F7-4668-BE54-9A1E7A4F7556}") = "HelloWorld", "Finished\Overview\HelloWorld\HelloWorld.csproj", "{6F7BDF07-4160-4284-BFDF-630A3AF1B30C}"
EndProject
Project("{9A19103F-16F7-4668-BE54-9A1E7A4F7556}") = "Comments", "Finished\Overview\Comments\Comments.csproj", "{C476E916-635E-49E9-A022-2B0B0AB5F366}"
EndProject
Project("{9A19103F-16F7-4668-BE54-9A1E7A4F7556}") = "Operators", "Finished\Overview\Operators\Operators.csproj", "{F34E12C6-C4A2-491B-B11D-33A1ABFD40FC}"
EndProject
Project("{9A19103F-16F7-4668-BE54-9A1E7A4F7556}") = "VarsAndData", "Finished\Overview\VarsAndData\VarsAndData.csproj", "{CFA14FFB-C782-4D70-9602-A2AED6C1AF98}"
EndProject
Project("{2150E333-8FDC-42A3-9474-1A3956D46DE8}") = "Start", "Start", "{E0FE7F1E-FC8F-4B0A-8643-1C5B520D1B76}"
EndProject
Project("{2150E333-8FDC-42A3-9474-1A3956D46DE8}") = "Strings", "Strings", "{46B41587-58D6-4DC9-B5B3-D7981E3FF2CC}"
EndProject
Project("{9A19103F-16F7-4668-BE54-9A1E7A4F7556}") = "Operations", "Start\Strings\Operations\Operations.csproj", "{D805DD1E-E5E8-4FF0-9FCE-B4869A701073}"
EndProject
Project("{9A19103F-16F7-4668-BE54-9A1E7A4F7556}") = "Formatting", "Start\Strings\Formatting\Formatting.csproj", "{7D04A57C-A063-49F8-8737-3C0068953CAF}"
EndProject
Project("{9A19103F-16F7-4668-BE54-9A1E7A4F7556}") = "Parsing", "Start\Strings\Parsing\Parsing.csproj", "{86AE0A27-C7A1-4CEE-80C7-C8BC488E07BF}"
EndProject
Project("{9A19103F-16F7-4668-BE54-9A1E7A4F7556}") = "Builder", "Start\Strings\Builder\Builder.csproj", "{4713EEBF-563B-4806-A7A2-B69CC1292DCF}"
EndProject
Project("{9A19103F-16F7-4668-BE54-9A1E7A4F7556}") = "Strings", "Start\Strings\Interpolation\Strings.csproj", "{D2D8355B-9A5A-483F-9BC2-897AB4AB25C0}"
EndProject
Project("{2150E333-8FDC-42A3-9474-1A3956D46DE8}") = "Classes", "Classes", "{61C5855A-39C0-49AC-B4FA-6D325364AC29}"
EndProject
Project("{9A19103F-16F7-4668-BE54-9A1E7A4F7556}") = "Modifiers", "Start\Classes\Modifiers\Modifiers.csproj", "{E9B943B4-192D-480D-9A8F-5C4E16821223}"
EndProject
Project("{9A19103F-16F7-4668-BE54-9A1E7A4F7556}") = "StringRep", "Start\Classes\StringRep\StringRep.csproj", "{A124D705-DA15-44FE-821D-91834CC548A9}"
EndProject
Project("{9A19103F-16F7-4668-BE54-9A1E7A4F7556}") = "Inheritance", "Start\Classes\Inheritance\Inheritance.csproj", "{08E27D39-F5F5-4B08-BB33-597AC3A4C161}"
EndProject
Project("{9A19103F-16F7-4668-BE54-9A1E7A4F7556}") = "Properties", "Start\Classes\Properties\Properties.csproj", "{9663BC62-0CDD-426D-AAC1-24672B86832B}"
EndProject
Project("{9A19103F-16F7-4668-BE54-9A1E7A4F7556}") = "Defining", "Start\Classes\Defining\Defining.csproj", "{51FD8A0D-8C5E-47E1-9818-CC574CACC550}"
EndProject
Project("{2150E333-8FDC-42A3-9474-1A3956D46DE8}") = "Functions", "Functions", "{DF11A88E-A888-45E9-BA66-067435F44621}"
EndProject
Project("{9A19103F-16F7-4668-BE54-9A1E7A4F7556}") = "Basics", "Start\Functions\Basics\Basics.csproj", "{0300239C-0A4B-4621-918E-57D158CEF493}"
EndProject
Project("{9A19103F-16F7-4668-BE54-9A1E7A4F7556}") = "RefAndOut", "Start\Functions\RefAndOutParams\RefAndOut.csproj", "{A74BE373-4D26-4011-B7D0-4C7C401DE664}"
EndProject
Project("{9A19103F-16F7-4668-BE54-9A1E7A4F7556}") = "MultiValues", "Start\Functions\MultiValues\MultiValues.csproj", "{1216A214-0F11-4043-B979-58B467A5D6BB}"
EndProject
Project("{9A19103F-16F7-4668-BE54-9A1E7A4F7556}") = "Params", "Start\Functions\DefaultParams\Params.csproj", "{E151C0A8-2002-4BFB-8737-1B0A8895253B}"
EndProject
Project("{2150E333-8FDC-42A3-9474-1A3956D46DE8}") = "Program Flow", "Program Flow", "{5329DDD5-5F57-4304-8F2E-E47B903A7B37}"
EndProject
Project("{9A19103F-16F7-4668-BE54-9A1E7A4F7556}") = "ForLoops", "Start\Program Flow\ForLoops\ForLoops.csproj", "{C4CFE6F7-FA15-4E4F-AAEA-76735CC5FD22}"
EndProject
Project("{9A19103F-16F7-4668-BE54-9A1E7A4F7556}") = "Exceptions", "Start\Program Flow\Exceptions\Exceptions.csproj", "{AC3A1F2E-D0E1-4291-92CC-603B4ECF41D6}"
EndProject
Project("{9A19103F-16F7-4668-BE54-9A1E7A4F7556}") = "WhileLoops", "Start\Program Flow\WhileLoops\WhileLoops.csproj", "{409342AE-225D-4986-9397-2C9598CF317E}"
EndProject
Project("{9A19103F-16F7-4668-BE54-9A1E7A4F7556}") = "ConditionalOps", "Start\Program Flow\Conditional-switch\ConditionalOps.csproj", "{B10AD88C-C4C1-4FF4-812C-C926265D27D1}"
EndProject
Project("{9A19103F-16F7-4668-BE54-9A1E7A4F7556}") = "Conditionals", "Start\Program Flow\Conditional-if\Conditionals.csproj", "{E9E61495-3D33-40A0-9E9E-0D0000088443}"
EndProject
Project("{9A19103F-16F7-4668-BE54-9A1E7A4F7556}") = "BreakContinue", "Start\Program Flow\BreakContinue\BreakContinue.csproj", "{3CAE22F3-ADBC-44DE-9213-DF094455CD31}"
EndProject
Project("{2150E333-8FDC-42A3-9474-1A3956D46DE8}") = "Overview", "Overview", "{4886A16B-E3BC-4D7B-B0A8-F3B3F0B10F3B}"
EndProject
Project("{9A19103F-16F7-4668-BE54-9A1E7A4F7556}") = "HelloWorld", "Start\Overview\HelloWorld\HelloWorld.csproj", "{CEC89A4A-7BE1-444D-B7E5-BD2CBFE13363}"
EndProject
Project("{9A19103F-16F7-4668-BE54-9A1E7A4F7556}") = "Comments", "Start\Overview\Comments\Comments.csproj", "{738B5A4E-1395-4B09-884F-7AFAF807C8FA}"
EndProject
Project("{9A19103F-16F7-4668-BE54-9A1E7A4F7556}") = "Operators", "Start\Overview\Operators\Operators.csproj", "{2CCE4756-95E9-419F-94EA-F14FE5F9E80D}"
EndProject
Project("{9A19103F-16F7-4668-BE54-9A1E7A4F7556}") = "VarsAndData", "Start\Overview\VarsAndData\VarsAndData.csproj", "{F8172990-F3D2-482A-8ED6-0CC29249E873}"
EndProject
Global
	GlobalSection(SolutionConfigurationPlatforms) = preSolution
		Debug|Any CPU = Debug|Any CPU
		Release|Any CPU = Release|Any CPU
	EndGlobalSection
	GlobalSection(ProjectConfigurationPlatforms) = postSolution
		{CC580964-F0E7-428C-81D3-031A3E8E2474}.Debug|Any CPU.ActiveCfg = Debug|Any CPU
		{CC580964-F0E7-428C-81D3-031A3E8E2474}.Debug|Any CPU.Build.0 = Debug|Any CPU
		{CC580964-F0E7-428C-81D3-031A3E8E2474}.Release|Any CPU.ActiveCfg = Release|Any CPU
		{CC580964-F0E7-428C-81D3-031A3E8E2474}.Release|Any CPU.Build.0 = Release|Any CPU
		{CF295CE7-CE5D-4551-8B10-A9A35B4EC63A}.Debug|Any CPU.ActiveCfg = Debug|Any CPU
		{CF295CE7-CE5D-4551-8B10-A9A35B4EC63A}.Debug|Any CPU.Build.0 = Debug|Any CPU
		{CF295CE7-CE5D-4551-8B10-A9A35B4EC63A}.Release|Any CPU.ActiveCfg = Release|Any CPU
		{CF295CE7-CE5D-4551-8B10-A9A35B4EC63A}.Release|Any CPU.Build.0 = Release|Any CPU
		{F28CF1A0-6415-4A1E-BBB2-DA369AED1AB5}.Debug|Any CPU.ActiveCfg = Debug|Any CPU
		{F28CF1A0-6415-4A1E-BBB2-DA369AED1AB5}.Debug|Any CPU.Build.0 = Debug|Any CPU
		{F28CF1A0-6415-4A1E-BBB2-DA369AED1AB5}.Release|Any CPU.ActiveCfg = Release|Any CPU
		{F28CF1A0-6415-4A1E-BBB2-DA369AED1AB5}.Release|Any CPU.Build.0 = Release|Any CPU
		{FE0BABEB-FA52-474A-B13C-CB8569F0F9C9}.Debug|Any CPU.ActiveCfg = Debug|Any CPU
		{FE0BABEB-FA52-474A-B13C-CB8569F0F9C9}.Debug|Any CPU.Build.0 = Debug|Any CPU
		{FE0BABEB-FA52-474A-B13C-CB8569F0F9C9}.Release|Any CPU.ActiveCfg = Release|Any CPU
		{FE0BABEB-FA52-474A-B13C-CB8569F0F9C9}.Release|Any CPU.Build.0 = Release|Any CPU
		{07CDEAFE-A922-464D-95A3-2ABE1C240838}.Debug|Any CPU.ActiveCfg = Debug|Any CPU
		{07CDEAFE-A922-464D-95A3-2ABE1C240838}.Debug|Any CPU.Build.0 = Debug|Any CPU
		{07CDEAFE-A922-464D-95A3-2ABE1C240838}.Release|Any CPU.ActiveCfg = Release|Any CPU
		{07CDEAFE-A922-464D-95A3-2ABE1C240838}.Release|Any CPU.Build.0 = Release|Any CPU
		{738F33D9-194E-48D2-957C-51B9265B45E5}.Debug|Any CPU.ActiveCfg = Debug|Any CPU
		{738F33D9-194E-48D2-957C-51B9265B45E5}.Debug|Any CPU.Build.0 = Debug|Any CPU
		{738F33D9-194E-48D2-957C-51B9265B45E5}.Release|Any CPU.ActiveCfg = Release|Any CPU
		{738F33D9-194E-48D2-957C-51B9265B45E5}.Release|Any CPU.Build.0 = Release|Any CPU
		{7A801DD6-597F-43FF-83DA-E062A951BC5C}.Debug|Any CPU.ActiveCfg = Debug|Any CPU
		{7A801DD6-597F-43FF-83DA-E062A951BC5C}.Debug|Any CPU.Build.0 = Debug|Any CPU
		{7A801DD6-597F-43FF-83DA-E062A951BC5C}.Release|Any CPU.ActiveCfg = Release|Any CPU
		{7A801DD6-597F-43FF-83DA-E062A951BC5C}.Release|Any CPU.Build.0 = Release|Any CPU
		{0DD372D1-507B-4C8C-8232-2EF2E0F20F80}.Debug|Any CPU.ActiveCfg = Debug|Any CPU
		{0DD372D1-507B-4C8C-8232-2EF2E0F20F80}.Debug|Any CPU.Build.0 = Debug|Any CPU
		{0DD372D1-507B-4C8C-8232-2EF2E0F20F80}.Release|Any CPU.ActiveCfg = Release|Any CPU
		{0DD372D1-507B-4C8C-8232-2EF2E0F20F80}.Release|Any CPU.Build.0 = Release|Any CPU
		{1485A5FE-E559-4D06-957F-46B3228C8818}.Debug|Any CPU.ActiveCfg = Debug|Any CPU
		{1485A5FE-E559-4D06-957F-46B3228C8818}.Debug|Any CPU.Build.0 = Debug|Any CPU
		{1485A5FE-E559-4D06-957F-46B3228C8818}.Release|Any CPU.ActiveCfg = Release|Any CPU
		{1485A5FE-E559-4D06-957F-46B3228C8818}.Release|Any CPU.Build.0 = Release|Any CPU
		{5D829BB8-E6E8-4CCB-89E4-471C73A287EA}.Debug|Any CPU.ActiveCfg = Debug|Any CPU
		{5D829BB8-E6E8-4CCB-89E4-471C73A287EA}.Debug|Any CPU.Build.0 = Debug|Any CPU
		{5D829BB8-E6E8-4CCB-89E4-471C73A287EA}.Release|Any CPU.ActiveCfg = Release|Any CPU
		{5D829BB8-E6E8-4CCB-89E4-471C73A287EA}.Release|Any CPU.Build.0 = Release|Any CPU
		{BD967BD5-E20E-43A7-B786-B6737B80F24C}.Debug|Any CPU.ActiveCfg = Debug|Any CPU
		{BD967BD5-E20E-43A7-B786-B6737B80F24C}.Debug|Any CPU.Build.0 = Debug|Any CPU
		{BD967BD5-E20E-43A7-B786-B6737B80F24C}.Release|Any CPU.ActiveCfg = Release|Any CPU
		{BD967BD5-E20E-43A7-B786-B6737B80F24C}.Release|Any CPU.Build.0 = Release|Any CPU
		{47015241-75E6-45B8-A516-E09746BE455D}.Debug|Any CPU.ActiveCfg = Debug|Any CPU
		{47015241-75E6-45B8-A516-E09746BE455D}.Debug|Any CPU.Build.0 = Debug|Any CPU
		{47015241-75E6-45B8-A516-E09746BE455D}.Release|Any CPU.ActiveCfg = Release|Any CPU
		{47015241-75E6-45B8-A516-E09746BE455D}.Release|Any CPU.Build.0 = Release|Any CPU
		{F61A9AE6-D8D0-4C9C-A204-EF7868F6F072}.Debug|Any CPU.ActiveCfg = Debug|Any CPU
		{F61A9AE6-D8D0-4C9C-A204-EF7868F6F072}.Debug|Any CPU.Build.0 = Debug|Any CPU
		{F61A9AE6-D8D0-4C9C-A204-EF7868F6F072}.Release|Any CPU.ActiveCfg = Release|Any CPU
		{F61A9AE6-D8D0-4C9C-A204-EF7868F6F072}.Release|Any CPU.Build.0 = Release|Any CPU
		{EE09DA0B-8703-4C2B-9134-9A2E85E3E56E}.Debug|Any CPU.ActiveCfg = Debug|Any CPU
		{EE09DA0B-8703-4C2B-9134-9A2E85E3E56E}.Debug|Any CPU.Build.0 = Debug|Any CPU
		{EE09DA0B-8703-4C2B-9134-9A2E85E3E56E}.Release|Any CPU.ActiveCfg = Release|Any CPU
		{EE09DA0B-8703-4C2B-9134-9A2E85E3E56E}.Release|Any CPU.Build.0 = Release|Any CPU
		{46C54FB7-44FD-4242-B9D2-6638F84BD8BD}.Debug|Any CPU.ActiveCfg = Debug|Any CPU
		{46C54FB7-44FD-4242-B9D2-6638F84BD8BD}.Debug|Any CPU.Build.0 = Debug|Any CPU
		{46C54FB7-44FD-4242-B9D2-6638F84BD8BD}.Release|Any CPU.ActiveCfg = Release|Any CPU
		{46C54FB7-44FD-4242-B9D2-6638F84BD8BD}.Release|Any CPU.Build.0 = Release|Any CPU
		{2805AA80-3C0E-4266-8D30-BAA71A742B81}.Debug|Any CPU.ActiveCfg = Debug|Any CPU
		{2805AA80-3C0E-4266-8D30-BAA71A742B81}.Debug|Any CPU.Build.0 = Debug|Any CPU
		{2805AA80-3C0E-4266-8D30-BAA71A742B81}.Release|Any CPU.ActiveCfg = Release|Any CPU
		{2805AA80-3C0E-4266-8D30-BAA71A742B81}.Release|Any CPU.Build.0 = Release|Any CPU
		{18EBE2AB-900C-45C1-BEC7-8C89BBE4FD1C}.Debug|Any CPU.ActiveCfg = Debug|Any CPU
		{18EBE2AB-900C-45C1-BEC7-8C89BBE4FD1C}.Debug|Any CPU.Build.0 = Debug|Any CPU
		{18EBE2AB-900C-45C1-BEC7-8C89BBE4FD1C}.Release|Any CPU.ActiveCfg = Release|Any CPU
		{18EBE2AB-900C-45C1-BEC7-8C89BBE4FD1C}.Release|Any CPU.Build.0 = Release|Any CPU
		{4C8541BF-11E6-4B18-B511-246D573E1B28}.Debug|Any CPU.ActiveCfg = Debug|Any CPU
		{4C8541BF-11E6-4B18-B511-246D573E1B28}.Debug|Any CPU.Build.0 = Debug|Any CPU
		{4C8541BF-11E6-4B18-B511-246D573E1B28}.Release|Any CPU.ActiveCfg = Release|Any CPU
		{4C8541BF-11E6-4B18-B511-246D573E1B28}.Release|Any CPU.Build.0 = Release|Any CPU
		{B0951FE6-AE40-4422-A989-376B86D72E03}.Debug|Any CPU.ActiveCfg = Debug|Any CPU
		{B0951FE6-AE40-4422-A989-376B86D72E03}.Debug|Any CPU.Build.0 = Debug|Any CPU
		{B0951FE6-AE40-4422-A989-376B86D72E03}.Release|Any CPU.ActiveCfg = Release|Any CPU
		{B0951FE6-AE40-4422-A989-376B86D72E03}.Release|Any CPU.Build.0 = Release|Any CPU
		{2DC41081-B5DB-40DC-9B88-ADB427109EF4}.Debug|Any CPU.ActiveCfg = Debug|Any CPU
		{2DC41081-B5DB-40DC-9B88-ADB427109EF4}.Debug|Any CPU.Build.0 = Debug|Any CPU
		{2DC41081-B5DB-40DC-9B88-ADB427109EF4}.Release|Any CPU.ActiveCfg = Release|Any CPU
		{2DC41081-B5DB-40DC-9B88-ADB427109EF4}.Release|Any CPU.Build.0 = Release|Any CPU
		{6F7BDF07-4160-4284-BFDF-630A3AF1B30C}.Debug|Any CPU.ActiveCfg = Debug|Any CPU
		{6F7BDF07-4160-4284-BFDF-630A3AF1B30C}.Debug|Any CPU.Build.0 = Debug|Any CPU
		{6F7BDF07-4160-4284-BFDF-630A3AF1B30C}.Release|Any CPU.ActiveCfg = Release|Any CPU
		{6F7BDF07-4160-4284-BFDF-630A3AF1B30C}.Release|Any CPU.Build.0 = Release|Any CPU
		{C476E916-635E-49E9-A022-2B0B0AB5F366}.Debug|Any CPU.ActiveCfg = Debug|Any CPU
		{C476E916-635E-49E9-A022-2B0B0AB5F366}.Debug|Any CPU.Build.0 = Debug|Any CPU
		{C476E916-635E-49E9-A022-2B0B0AB5F366}.Release|Any CPU.ActiveCfg = Release|Any CPU
		{C476E916-635E-49E9-A022-2B0B0AB5F366}.Release|Any CPU.Build.0 = Release|Any CPU
		{F34E12C6-C4A2-491B-B11D-33A1ABFD40FC}.Debug|Any CPU.ActiveCfg = Debug|Any CPU
		{F34E12C6-C4A2-491B-B11D-33A1ABFD40FC}.Debug|Any CPU.Build.0 = Debug|Any CPU
		{F34E12C6-C4A2-491B-B11D-33A1ABFD40FC}.Release|Any CPU.ActiveCfg = Release|Any CPU
		{F34E12C6-C4A2-491B-B11D-33A1ABFD40FC}.Release|Any CPU.Build.0 = Release|Any CPU
		{CFA14FFB-C782-4D70-9602-A2AED6C1AF98}.Debug|Any CPU.ActiveCfg = Debug|Any CPU
		{CFA14FFB-C782-4D70-9602-A2AED6C1AF98}.Debug|Any CPU.Build.0 = Debug|Any CPU
		{CFA14FFB-C782-4D70-9602-A2AED6C1AF98}.Release|Any CPU.ActiveCfg = Release|Any CPU
		{CFA14FFB-C782-4D70-9602-A2AED6C1AF98}.Release|Any CPU.Build.0 = Release|Any CPU
		{D805DD1E-E5E8-4FF0-9FCE-B4869A701073}.Debug|Any CPU.ActiveCfg = Debug|Any CPU
		{D805DD1E-E5E8-4FF0-9FCE-B4869A701073}.Debug|Any CPU.Build.0 = Debug|Any CPU
		{D805DD1E-E5E8-4FF0-9FCE-B4869A701073}.Release|Any CPU.ActiveCfg = Release|Any CPU
		{D805DD1E-E5E8-4FF0-9FCE-B4869A701073}.Release|Any CPU.Build.0 = Release|Any CPU
		{7D04A57C-A063-49F8-8737-3C0068953CAF}.Debug|Any CPU.ActiveCfg = Debug|Any CPU
		{7D04A57C-A063-49F8-8737-3C0068953CAF}.Debug|Any CPU.Build.0 = Debug|Any CPU
		{7D04A57C-A063-49F8-8737-3C0068953CAF}.Release|Any CPU.ActiveCfg = Release|Any CPU
		{7D04A57C-A063-49F8-8737-3C0068953CAF}.Release|Any CPU.Build.0 = Release|Any CPU
		{86AE0A27-C7A1-4CEE-80C7-C8BC488E07BF}.Debug|Any CPU.ActiveCfg = Debug|Any CPU
		{86AE0A27-C7A1-4CEE-80C7-C8BC488E07BF}.Debug|Any CPU.Build.0 = Debug|Any CPU
		{86AE0A27-C7A1-4CEE-80C7-C8BC488E07BF}.Release|Any CPU.ActiveCfg = Release|Any CPU
		{86AE0A27-C7A1-4CEE-80C7-C8BC488E07BF}.Release|Any CPU.Build.0 = Release|Any CPU
		{4713EEBF-563B-4806-A7A2-B69CC1292DCF}.Debug|Any CPU.ActiveCfg = Debug|Any CPU
		{4713EEBF-563B-4806-A7A2-B69CC1292DCF}.Debug|Any CPU.Build.0 = Debug|Any CPU
		{4713EEBF-563B-4806-A7A2-B69CC1292DCF}.Release|Any CPU.ActiveCfg = Release|Any CPU
		{4713EEBF-563B-4806-A7A2-B69CC1292DCF}.Release|Any CPU.Build.0 = Release|Any CPU
		{D2D8355B-9A5A-483F-9BC2-897AB4AB25C0}.Debug|Any CPU.ActiveCfg = Debug|Any CPU
		{D2D8355B-9A5A-483F-9BC2-897AB4AB25C0}.Debug|Any CPU.Build.0 = Debug|Any CPU
		{D2D8355B-9A5A-483F-9BC2-897AB4AB25C0}.Release|Any CPU.ActiveCfg = Release|Any CPU
		{D2D8355B-9A5A-483F-9BC2-897AB4AB25C0}.Release|Any CPU.Build.0 = Release|Any CPU
		{E9B943B4-192D-480D-9A8F-5C4E16821223}.Debug|Any CPU.ActiveCfg = Debug|Any CPU
		{E9B943B4-192D-480D-9A8F-5C4E16821223}.Debug|Any CPU.Build.0 = Debug|Any CPU
		{E9B943B4-192D-480D-9A8F-5C4E16821223}.Release|Any CPU.ActiveCfg = Release|Any CPU
		{E9B943B4-192D-480D-9A8F-5C4E16821223}.Release|Any CPU.Build.0 = Release|Any CPU
		{A124D705-DA15-44FE-821D-91834CC548A9}.Debug|Any CPU.ActiveCfg = Debug|Any CPU
		{A124D705-DA15-44FE-821D-91834CC548A9}.Debug|Any CPU.Build.0 = Debug|Any CPU
		{A124D705-DA15-44FE-821D-91834CC548A9}.Release|Any CPU.ActiveCfg = Release|Any CPU
		{A124D705-DA15-44FE-821D-91834CC548A9}.Release|Any CPU.Build.0 = Release|Any CPU
		{08E27D39-F5F5-4B08-BB33-597AC3A4C161}.Debug|Any CPU.ActiveCfg = Debug|Any CPU
		{08E27D39-F5F5-4B08-BB33-597AC3A4C161}.Debug|Any CPU.Build.0 = Debug|Any CPU
		{08E27D39-F5F5-4B08-BB33-597AC3A4C161}.Release|Any CPU.ActiveCfg = Release|Any CPU
		{08E27D39-F5F5-4B08-BB33-597AC3A4C161}.Release|Any CPU.Build.0 = Release|Any CPU
		{9663BC62-0CDD-426D-AAC1-24672B86832B}.Debug|Any CPU.ActiveCfg = Debug|Any CPU
		{9663BC62-0CDD-426D-AAC1-24672B86832B}.Debug|Any CPU.Build.0 = Debug|Any CPU
		{9663BC62-0CDD-426D-AAC1-24672B86832B}.Release|Any CPU.ActiveCfg = Release|Any CPU
		{9663BC62-0CDD-426D-AAC1-24672B86832B}.Release|Any CPU.Build.0 = Release|Any CPU
		{51FD8A0D-8C5E-47E1-9818-CC574CACC550}.Debug|Any CPU.ActiveCfg = Debug|Any CPU
		{51FD8A0D-8C5E-47E1-9818-CC574CACC550}.Debug|Any CPU.Build.0 = Debug|Any CPU
		{51FD8A0D-8C5E-47E1-9818-CC574CACC550}.Release|Any CPU.ActiveCfg = Release|Any CPU
		{51FD8A0D-8C5E-47E1-9818-CC574CACC550}.Release|Any CPU.Build.0 = Release|Any CPU
		{0300239C-0A4B-4621-918E-57D158CEF493}.Debug|Any CPU.ActiveCfg = Debug|Any CPU
		{0300239C-0A4B-4621-918E-57D158CEF493}.Debug|Any CPU.Build.0 = Debug|Any CPU
		{0300239C-0A4B-4621-918E-57D158CEF493}.Release|Any CPU.ActiveCfg = Release|Any CPU
		{0300239C-0A4B-4621-918E-57D158CEF493}.Release|Any CPU.Build.0 = Release|Any CPU
		{A74BE373-4D26-4011-B7D0-4C7C401DE664}.Debug|Any CPU.ActiveCfg = Debug|Any CPU
		{A74BE373-4D26-4011-B7D0-4C7C401DE664}.Debug|Any CPU.Build.0 = Debug|Any CPU
		{A74BE373-4D26-4011-B7D0-4C7C401DE664}.Release|Any CPU.ActiveCfg = Release|Any CPU
		{A74BE373-4D26-4011-B7D0-4C7C401DE664}.Release|Any CPU.Build.0 = Release|Any CPU
		{1216A214-0F11-4043-B979-58B467A5D6BB}.Debug|Any CPU.ActiveCfg = Debug|Any CPU
		{1216A214-0F11-4043-B979-58B467A5D6BB}.Debug|Any CPU.Build.0 = Debug|Any CPU
		{1216A214-0F11-4043-B979-58B467A5D6BB}.Release|Any CPU.ActiveCfg = Release|Any CPU
		{1216A214-0F11-4043-B979-58B467A5D6BB}.Release|Any CPU.Build.0 = Release|Any CPU
		{E151C0A8-2002-4BFB-8737-1B0A8895253B}.Debug|Any CPU.ActiveCfg = Debug|Any CPU
		{E151C0A8-2002-4BFB-8737-1B0A8895253B}.Debug|Any CPU.Build.0 = Debug|Any CPU
		{E151C0A8-2002-4BFB-8737-1B0A8895253B}.Release|Any CPU.ActiveCfg = Release|Any CPU
		{E151C0A8-2002-4BFB-8737-1B0A8895253B}.Release|Any CPU.Build.0 = Release|Any CPU
		{C4CFE6F7-FA15-4E4F-AAEA-76735CC5FD22}.Debug|Any CPU.ActiveCfg = Debug|Any CPU
		{C4CFE6F7-FA15-4E4F-AAEA-76735CC5FD22}.Debug|Any CPU.Build.0 = Debug|Any CPU
		{C4CFE6F7-FA15-4E4F-AAEA-76735CC5FD22}.Release|Any CPU.ActiveCfg = Release|Any CPU
		{C4CFE6F7-FA15-4E4F-AAEA-76735CC5FD22}.Release|Any CPU.Build.0 = Release|Any CPU
		{AC3A1F2E-D0E1-4291-92CC-603B4ECF41D6}.Debug|Any CPU.ActiveCfg = Debug|Any CPU
		{AC3A1F2E-D0E1-4291-92CC-603B4ECF41D6}.Debug|Any CPU.Build.0 = Debug|Any CPU
		{AC3A1F2E-D0E1-4291-92CC-603B4ECF41D6}.Release|Any CPU.ActiveCfg = Release|Any CPU
		{AC3A1F2E-D0E1-4291-92CC-603B4ECF41D6}.Release|Any CPU.Build.0 = Release|Any CPU
		{409342AE-225D-4986-9397-2C9598CF317E}.Debug|Any CPU.ActiveCfg = Debug|Any CPU
		{409342AE-225D-4986-9397-2C9598CF317E}.Debug|Any CPU.Build.0 = Debug|Any CPU
		{409342AE-225D-4986-9397-2C9598CF317E}.Release|Any CPU.ActiveCfg = Release|Any CPU
		{409342AE-225D-4986-9397-2C9598CF317E}.Release|Any CPU.Build.0 = Release|Any CPU
		{B10AD88C-C4C1-4FF4-812C-C926265D27D1}.Debug|Any CPU.ActiveCfg = Debug|Any CPU
		{B10AD88C-C4C1-4FF4-812C-C926265D27D1}.Debug|Any CPU.Build.0 = Debug|Any CPU
		{B10AD88C-C4C1-4FF4-812C-C926265D27D1}.Release|Any CPU.ActiveCfg = Release|Any CPU
		{B10AD88C-C4C1-4FF4-812C-C926265D27D1}.Release|Any CPU.Build.0 = Release|Any CPU
		{E9E61495-3D33-40A0-9E9E-0D0000088443}.Debug|Any CPU.ActiveCfg = Debug|Any CPU
		{E9E61495-3D33-40A0-9E9E-0D0000088443}.Debug|Any CPU.Build.0 = Debug|Any CPU
		{E9E61495-3D33-40A0-9E9E-0D0000088443}.Release|Any CPU.ActiveCfg = Release|Any CPU
		{E9E61495-3D33-40A0-9E9E-0D0000088443}.Release|Any CPU.Build.0 = Release|Any CPU
		{3CAE22F3-ADBC-44DE-9213-DF094455CD31}.Debug|Any CPU.ActiveCfg = Debug|Any CPU
		{3CAE22F3-ADBC-44DE-9213-DF094455CD31}.Debug|Any CPU.Build.0 = Debug|Any CPU
		{3CAE22F3-ADBC-44DE-9213-DF094455CD31}.Release|Any CPU.ActiveCfg = Release|Any CPU
		{3CAE22F3-ADBC-44DE-9213-DF094455CD31}.Release|Any CPU.Build.0 = Release|Any CPU
		{CEC89A4A-7BE1-444D-B7E5-BD2CBFE13363}.Debug|Any CPU.ActiveCfg = Debug|Any CPU
		{CEC89A4A-7BE1-444D-B7E5-BD2CBFE13363}.Debug|Any CPU.Build.0 = Debug|Any CPU
		{CEC89A4A-7BE1-444D-B7E5-BD2CBFE13363}.Release|Any CPU.ActiveCfg = Release|Any CPU
		{CEC89A4A-7BE1-444D-B7E5-BD2CBFE13363}.Release|Any CPU.Build.0 = Release|Any CPU
		{738B5A4E-1395-4B09-884F-7AFAF807C8FA}.Debug|Any CPU.ActiveCfg = Debug|Any CPU
		{738B5A4E-1395-4B09-884F-7AFAF807C8FA}.Debug|Any CPU.Build.0 = Debug|Any CPU
		{738B5A4E-1395-4B09-884F-7AFAF807C8FA}.Release|Any CPU.ActiveCfg = Release|Any CPU
		{738B5A4E-1395-4B09-884F-7AFAF807C8FA}.Release|Any CPU.Build.0 = Release|Any CPU
		{2CCE4756-95E9-419F-94EA-F14FE5F9E80D}.Debug|Any CPU.ActiveCfg = Debug|Any CPU
		{2CCE4756-95E9-419F-94EA-F14FE5F9E80D}.Debug|Any CPU.Build.0 = Debug|Any CPU
		{2CCE4756-95E9-419F-94EA-F14FE5F9E80D}.Release|Any CPU.ActiveCfg = Release|Any CPU
		{2CCE4756-95E9-419F-94EA-F14FE5F9E80D}.Release|Any CPU.Build.0 = Release|Any CPU
		{F8172990-F3D2-482A-8ED6-0CC29249E873}.Debug|Any CPU.ActiveCfg = Debug|Any CPU
		{F8172990-F3D2-482A-8ED6-0CC29249E873}.Debug|Any CPU.Build.0 = Debug|Any CPU
		{F8172990-F3D2-482A-8ED6-0CC29249E873}.Release|Any CPU.ActiveCfg = Release|Any CPU
		{F8172990-F3D2-482A-8ED6-0CC29249E873}.Release|Any CPU.Build.0 = Release|Any CPU
	EndGlobalSection
	GlobalSection(SolutionProperties) = preSolution
		HideSolutionNode = FALSE
	EndGlobalSection
	GlobalSection(NestedProjects) = preSolution
		{662A45C8-9969-4258-BABE-9E794902700E} = {80014EB8-FBFB-4BFF-AB5C-A3FAF3CC1045}
		{CC580964-F0E7-428C-81D3-031A3E8E2474} = {662A45C8-9969-4258-BABE-9E794902700E}
		{CF295CE7-CE5D-4551-8B10-A9A35B4EC63A} = {662A45C8-9969-4258-BABE-9E794902700E}
		{F28CF1A0-6415-4A1E-BBB2-DA369AED1AB5} = {662A45C8-9969-4258-BABE-9E794902700E}
		{FE0BABEB-FA52-474A-B13C-CB8569F0F9C9} = {662A45C8-9969-4258-BABE-9E794902700E}
		{07CDEAFE-A922-464D-95A3-2ABE1C240838} = {662A45C8-9969-4258-BABE-9E794902700E}
		{A99539DD-CE31-45C8-89B6-BDE20864F727} = {80014EB8-FBFB-4BFF-AB5C-A3FAF3CC1045}
		{738F33D9-194E-48D2-957C-51B9265B45E5} = {A99539DD-CE31-45C8-89B6-BDE20864F727}
		{7A801DD6-597F-43FF-83DA-E062A951BC5C} = {A99539DD-CE31-45C8-89B6-BDE20864F727}
		{0DD372D1-507B-4C8C-8232-2EF2E0F20F80} = {A99539DD-CE31-45C8-89B6-BDE20864F727}
		{1485A5FE-E559-4D06-957F-46B3228C8818} = {A99539DD-CE31-45C8-89B6-BDE20864F727}
		{5D829BB8-E6E8-4CCB-89E4-471C73A287EA} = {A99539DD-CE31-45C8-89B6-BDE20864F727}
		{EA9245C6-10BA-43DA-B966-F5160685037A} = {80014EB8-FBFB-4BFF-AB5C-A3FAF3CC1045}
		{BD967BD5-E20E-43A7-B786-B6737B80F24C} = {EA9245C6-10BA-43DA-B966-F5160685037A}
		{47015241-75E6-45B8-A516-E09746BE455D} = {EA9245C6-10BA-43DA-B966-F5160685037A}
		{F61A9AE6-D8D0-4C9C-A204-EF7868F6F072} = {EA9245C6-10BA-43DA-B966-F5160685037A}
		{EE09DA0B-8703-4C2B-9134-9A2E85E3E56E} = {EA9245C6-10BA-43DA-B966-F5160685037A}
		{BE2DBC17-9447-48BF-B461-B4D9D67FAD5A} = {80014EB8-FBFB-4BFF-AB5C-A3FAF3CC1045}
		{46C54FB7-44FD-4242-B9D2-6638F84BD8BD} = {BE2DBC17-9447-48BF-B461-B4D9D67FAD5A}
		{2805AA80-3C0E-4266-8D30-BAA71A742B81} = {BE2DBC17-9447-48BF-B461-B4D9D67FAD5A}
		{18EBE2AB-900C-45C1-BEC7-8C89BBE4FD1C} = {BE2DBC17-9447-48BF-B461-B4D9D67FAD5A}
		{4C8541BF-11E6-4B18-B511-246D573E1B28} = {BE2DBC17-9447-48BF-B461-B4D9D67FAD5A}
		{B0951FE6-AE40-4422-A989-376B86D72E03} = {BE2DBC17-9447-48BF-B461-B4D9D67FAD5A}
		{2DC41081-B5DB-40DC-9B88-ADB427109EF4} = {BE2DBC17-9447-48BF-B461-B4D9D67FAD5A}
		{57501E00-A906-40A1-A72B-F8E84E76A409} = {80014EB8-FBFB-4BFF-AB5C-A3FAF3CC1045}
		{6F7BDF07-4160-4284-BFDF-630A3AF1B30C} = {57501E00-A906-40A1-A72B-F8E84E76A409}
		{C476E916-635E-49E9-A022-2B0B0AB5F366} = {57501E00-A906-40A1-A72B-F8E84E76A409}
		{F34E12C6-C4A2-491B-B11D-33A1ABFD40FC} = {57501E00-A906-40A1-A72B-F8E84E76A409}
		{CFA14FFB-C782-4D70-9602-A2AED6C1AF98} = {57501E00-A906-40A1-A72B-F8E84E76A409}
		{46B41587-58D6-4DC9-B5B3-D7981E3FF2CC} = {E0FE7F1E-FC8F-4B0A-8643-1C5B520D1B76}
		{D805DD1E-E5E8-4FF0-9FCE-B4869A701073} = {46B41587-58D6-4DC9-B5B3-D7981E3FF2CC}
		{7D04A57C-A063-49F8-8737-3C0068953CAF} = {46B41587-58D6-4DC9-B5B3-D7981E3FF2CC}
		{86AE0A27-C7A1-4CEE-80C7-C8BC488E07BF} = {46B41587-58D6-4DC9-B5B3-D7981E3FF2CC}
		{4713EEBF-563B-4806-A7A2-B69CC1292DCF} = {46B41587-58D6-4DC9-B5B3-D7981E3FF2CC}
		{D2D8355B-9A5A-483F-9BC2-897AB4AB25C0} = {46B41587-58D6-4DC9-B5B3-D7981E3FF2CC}
		{61C5855A-39C0-49AC-B4FA-6D325364AC29} = {E0FE7F1E-FC8F-4B0A-8643-1C5B520D1B76}
		{E9B943B4-192D-480D-9A8F-5C4E16821223} = {61C5855A-39C0-49AC-B4FA-6D325364AC29}
		{A124D705-DA15-44FE-821D-91834CC548A9} = {61C5855A-39C0-49AC-B4FA-6D325364AC29}
		{08E27D39-F5F5-4B08-BB33-597AC3A4C161} = {61C5855A-39C0-49AC-B4FA-6D325364AC29}
		{9663BC62-0CDD-426D-AAC1-24672B86832B} = {61C5855A-39C0-49AC-B4FA-6D325364AC29}
		{51FD8A0D-8C5E-47E1-9818-CC574CACC550} = {61C5855A-39C0-49AC-B4FA-6D325364AC29}
		{DF11A88E-A888-45E9-BA66-067435F44621} = {E0FE7F1E-FC8F-4B0A-8643-1C5B520D1B76}
		{0300239C-0A4B-4621-918E-57D158CEF493} = {DF11A88E-A888-45E9-BA66-067435F44621}
		{A74BE373-4D26-4011-B7D0-4C7C401DE664} = {DF11A88E-A888-45E9-BA66-067435F44621}
		{1216A214-0F11-4043-B979-58B467A5D6BB} = {DF11A88E-A888-45E9-BA66-067435F44621}
		{E151C0A8-2002-4BFB-8737-1B0A8895253B} = {DF11A88E-A888-45E9-BA66-067435F44621}
		{5329DDD5-5F57-4304-8F2E-E47B903A7B37} = {E0FE7F1E-FC8F-4B0A-8643-1C5B520D1B76}
		{C4CFE6F7-FA15-4E4F-AAEA-76735CC5FD22} = {5329DDD5-5F57-4304-8F2E-E47B903A7B37}
		{AC3A1F2E-D0E1-4291-92CC-603B4ECF41D6} = {5329DDD5-5F57-4304-8F2E-E47B903A7B37}
		{409342AE-225D-4986-9397-2C9598CF317E} = {5329DDD5-5F57-4304-8F2E-E47B903A7B37}
		{B10AD88C-C4C1-4FF4-812C-C926265D27D1} = {5329DDD5-5F57-4304-8F2E-E47B903A7B37}
		{E9E61495-3D33-40A0-9E9E-0D0000088443} = {5329DDD5-5F57-4304-8F2E-E47B903A7B37}
		{3CAE22F3-ADBC-44DE-9213-DF094455CD31} = {5329DDD5-5F57-4304-8F2E-E47B903A7B37}
		{4886A16B-E3BC-4D7B-B0A8-F3B3F0B10F3B} = {E0FE7F1E-FC8F-4B0A-8643-1C5B520D1B76}
		{CEC89A4A-7BE1-444D-B7E5-BD2CBFE13363} = {4886A16B-E3BC-4D7B-B0A8-F3B3F0B10F3B}
		{738B5A4E-1395-4B09-884F-7AFAF807C8FA} = {4886A16B-E3BC-4D7B-B0A8-F3B3F0B10F3B}
		{2CCE4756-95E9-419F-94EA-F14FE5F9E80D} = {4886A16B-E3BC-4D7B-B0A8-F3B3F0B10F3B}
		{F8172990-F3D2-482A-8ED6-0CC29249E873} = {4886A16B-E3BC-4D7B-B0A8-F3B3F0B10F3B}
	EndGlobalSection
	GlobalSection(ExtensibilityGlobals) = postSolution
		SolutionGuid = {FD2B340A-2595-4E38-A563-207B78350C47}
	EndGlobalSection
EndGlobal
